version = 1
requires-python = ">=3.11"

[[package]]
name = "psutil"
version = "6.1.0"
source = { registry = "https://pypi.org/simple" }
sdist = { url = "https://files.pythonhosted.org/packages/26/10/2a30b13c61e7cf937f4adf90710776b7918ed0a9c434e2c38224732af310/psutil-6.1.0.tar.gz", hash = "sha256:353815f59a7f64cdaca1c0307ee13558a0512f6db064e92fe833784f08539c7a", size = 508565 }
wheels = [
    { url = "https://files.pythonhosted.org/packages/da/2b/f4dea5d993d9cd22ad958eea828a41d5d225556123d372f02547c29c4f97/psutil-6.1.0-cp27-none-win32.whl", hash = "sha256:9118f27452b70bb1d9ab3198c1f626c2499384935aaf55388211ad982611407e", size = 246648 },
    { url = "https://files.pythonhosted.org/packages/9f/14/4aa97a7f2e0ac33a050d990ab31686d651ae4ef8c86661fef067f00437b9/psutil-6.1.0-cp27-none-win_amd64.whl", hash = "sha256:a8506f6119cff7015678e2bce904a4da21025cc70ad283a53b099e7620061d85", size = 249905 },
    { url = "https://files.pythonhosted.org/packages/01/9e/8be43078a171381953cfee33c07c0d628594b5dbfc5157847b85022c2c1b/psutil-6.1.0-cp36-abi3-macosx_10_9_x86_64.whl", hash = "sha256:6e2dcd475ce8b80522e51d923d10c7871e45f20918e027ab682f94f1c6351688", size = 247762 },
    { url = "https://files.pythonhosted.org/packages/1d/cb/313e80644ea407f04f6602a9e23096540d9dc1878755f3952ea8d3d104be/psutil-6.1.0-cp36-abi3-macosx_11_0_arm64.whl", hash = "sha256:0895b8414afafc526712c498bd9de2b063deaac4021a3b3c34566283464aff8e", size = 248777 },
    { url = "https://files.pythonhosted.org/packages/65/8e/bcbe2025c587b5d703369b6a75b65d41d1367553da6e3f788aff91eaf5bd/psutil-6.1.0-cp36-abi3-manylinux_2_12_i686.manylinux2010_i686.manylinux_2_17_i686.manylinux2014_i686.whl", hash = "sha256:9dcbfce5d89f1d1f2546a2090f4fcf87c7f669d1d90aacb7d7582addece9fb38", size = 284259 },
    { url = "https://files.pythonhosted.org/packages/58/4d/8245e6f76a93c98aab285a43ea71ff1b171bcd90c9d238bf81f7021fb233/psutil-6.1.0-cp36-abi3-manylinux_2_12_x86_64.manylinux2010_x86_64.manylinux_2_17_x86_64.manylinux2014_x86_64.whl", hash = "sha256:498c6979f9c6637ebc3a73b3f87f9eb1ec24e1ce53a7c5173b8508981614a90b", size = 287255 },
    { url = "https://files.pythonhosted.org/packages/27/c2/d034856ac47e3b3cdfa9720d0e113902e615f4190d5d1bdb8df4b2015fb2/psutil-6.1.0-cp36-abi3-manylinux_2_17_aarch64.manylinux2014_aarch64.whl", hash = "sha256:d905186d647b16755a800e7263d43df08b790d709d575105d419f8b6ef65423a", size = 288804 },
    { url = "https://files.pythonhosted.org/packages/ea/55/5389ed243c878725feffc0d6a3bc5ef6764312b6fc7c081faaa2cfa7ef37/psutil-6.1.0-cp37-abi3-win32.whl", hash = "sha256:1ad45a1f5d0b608253b11508f80940985d1d0c8f6111b5cb637533a0e6ddc13e", size = 250386 },
    { url = "https://files.pythonhosted.org/packages/11/91/87fa6f060e649b1e1a7b19a4f5869709fbf750b7c8c262ee776ec32f3028/psutil-6.1.0-cp37-abi3-win_amd64.whl", hash = "sha256:a8fb3752b491d246034fa4d279ff076501588ce8cbcdbb62c32fd7a377d996be", size = 254228 },
]

[[package]]
name = "repl-nix-terminalviz"
version = "0.1.0"
source = { virtual = "." }
dependencies = [
    { name = "psutil" },
]

[package.metadata]
requires-dist = [{ name = "psutil", specifier = ">=6.1.0" }]
